PODS:
  - Alamofire (3.4.1)
  - ProtocolBuffers-Swift (3.0.0)

DEPENDENCIES:
  - Alamofire (~> 3.4)
  - ProtocolBuffers-Swift (from `https://github.com/alexeyxo/protobuf-swift`, branch `ProtoBuf3.0-Swift2.0`)

EXTERNAL SOURCES:
  ProtocolBuffers-Swift:
    :branch: ProtoBuf3.0-Swift2.0
    :git: https://github.com/alexeyxo/protobuf-swift

CHECKOUT OPTIONS:
  ProtocolBuffers-Swift:
    :commit: f43bcfe55f7c2b19f19363c12d9499dac232f3ae
    :git: https://github.com/alexeyxo/protobuf-swift

SPEC CHECKSUMS:
  Alamofire: 01a82e2f6c0f860ade35534c8dd88be61bdef40c
  ProtocolBuffers-Swift: 948824656ef9f507348481655d409628b0219be0

PODFILE CHECKSUM: 4fa9ad9aaee9ca0f9ed6b1bd07f8c9ce6352d69a

COCOAPODS: 1.1.0.beta.1
